
Microsoft Visual Studio Solution File, Format Version 12.00
# Visual Studio Version 16
VisualStudioVersion = 16.0.30907.101
MinimumVisualStudioVersion = 10.0.40219.1
Project("{FAE04EC0-301F-11D3-BF4B-00C04F79EFBC}") = "KlaverjassenCalc.Android", "KlaverjassenCalc\KlaverjassenCalc.Android\KlaverjassenCalc.Android.csproj", "{FE7FB14C-3E3E-44BF-8F36-D9F31C37EC4E}"
EndProject
Project("{9A19103F-16F7-4668-BE54-9A1E7A4F7556}") = "KlaverjassenCalc", "KlaverjassenCalc\KlaverjassenCalc\KlaverjassenCalc.csproj", "{425465C7-CB57-4173-B272-3F7588CB432C}"
EndProject
Global
	GlobalSection(SolutionConfigurationPlatforms) = preSolution
		Debug|Any CPU = Debug|Any CPU
		Debug|iPhone = Debug|iPhone
		Debug|iPhoneSimulator = Debug|iPhoneSimulator
		Release|Any CPU = Release|Any CPU
		Release|iPhone = Release|iPhone
		Release|iPhoneSimulator = Release|iPhoneSimulator
	EndGlobalSection
	GlobalSection(ProjectConfigurationPlatforms) = postSolution
		{FE7FB14C-3E3E-44BF-8F36-D9F31C37EC4E}.Debug|Any CPU.ActiveCfg = Debug|Any CPU
		{FE7FB14C-3E3E-44BF-8F36-D9F31C37EC4E}.Debug|Any CPU.Build.0 = Debug|Any CPU
		{FE7FB14C-3E3E-44BF-8F36-D9F31C37EC4E}.Debug|Any CPU.Deploy.0 = Debug|Any CPU
		{FE7FB14C-3E3E-44BF-8F36-D9F31C37EC4E}.Debug|iPhone.ActiveCfg = Debug|Any CPU
		{FE7FB14C-3E3E-44BF-8F36-D9F31C37EC4E}.Debug|iPhone.Build.0 = Debug|Any CPU
		{FE7FB14C-3E3E-44BF-8F36-D9F31C37EC4E}.Debug|iPhone.Deploy.0 = Debug|Any CPU
		{FE7FB14C-3E3E-44BF-8F36-D9F31C37EC4E}.Debug|iPhoneSimulator.ActiveCfg = Debug|Any CPU
		{FE7FB14C-3E3E-44BF-8F36-D9F31C37EC4E}.Debug|iPhoneSimulator.Build.0 = Debug|Any CPU
		{FE7FB14C-3E3E-44BF-8F36-D9F31C37EC4E}.Debug|iPhoneSimulator.Deploy.0 = Debug|Any CPU
		{FE7FB14C-3E3E-44BF-8F36-D9F31C37EC4E}.Release|Any CPU.ActiveCfg = Release|Any CPU
		{FE7FB14C-3E3E-44BF-8F36-D9F31C37EC4E}.Release|Any CPU.Build.0 = Release|Any CPU
		{FE7FB14C-3E3E-44BF-8F36-D9F31C37EC4E}.Release|Any CPU.Deploy.0 = Release|Any CPU
		{FE7FB14C-3E3E-44BF-8F36-D9F31C37EC4E}.Release|iPhone.ActiveCfg = Release|Any CPU
		{FE7FB14C-3E3E-44BF-8F36-D9F31C37EC4E}.Release|iPhone.Build.0 = Release|Any CPU
		{FE7FB14C-3E3E-44BF-8F36-D9F31C37EC4E}.Release|iPhone.Deploy.0 = Release|Any CPU
		{FE7FB14C-3E3E-44BF-8F36-D9F31C37EC4E}.Release|iPhoneSimulator.ActiveCfg = Release|Any CPU
		{FE7FB14C-3E3E-44BF-8F36-D9F31C37EC4E}.Release|iPhoneSimulator.Build.0 = Release|Any CPU
		{FE7FB14C-3E3E-44BF-8F36-D9F31C37EC4E}.Release|iPhoneSimulator.Deploy.0 = Release|Any CPU
		{425465C7-CB57-4173-B272-3F7588CB432C}.Debug|Any CPU.ActiveCfg = Debug|Any CPU
		{425465C7-CB57-4173-B272-3F7588CB432C}.Debug|Any CPU.Build.0 = Debug|Any CPU
		{425465C7-CB57-4173-B272-3F7588CB432C}.Debug|Any CPU.Deploy.0 = Debug|Any CPU
		{425465C7-CB57-4173-B272-3F7588CB432C}.Debug|iPhone.ActiveCfg = Debug|Any CPU
		{425465C7-CB57-4173-B272-3F7588CB432C}.Debug|iPhone.Build.0 = Debug|Any CPU
		{425465C7-CB57-4173-B272-3F7588CB432C}.Debug|iPhone.Deploy.0 = Debug|Any CPU
		{425465C7-CB57-4173-B272-3F7588CB432C}.Debug|iPhoneSimulator.ActiveCfg = Debug|Any CPU
		{425465C7-CB57-4173-B272-3F7588CB432C}.Debug|iPhoneSimulator.Build.0 = Debug|Any CPU
		{425465C7-CB57-4173-B272-3F7588CB432C}.Debug|iPhoneSimulator.Deploy.0 = Debug|Any CPU
		{425465C7-CB57-4173-B272-3F7588CB432C}.Release|Any CPU.ActiveCfg = Release|Any CPU
		{425465C7-CB57-4173-B272-3F7588CB432C}.Release|Any CPU.Build.0 = Release|Any CPU
		{425465C7-CB57-4173-B272-3F7588CB432C}.Release|Any CPU.Deploy.0 = Release|Any CPU
		{425465C7-CB57-4173-B272-3F7588CB432C}.Release|iPhone.ActiveCfg = Release|Any CPU
		{425465C7-CB57-4173-B272-3F7588CB432C}.Release|iPhone.Build.0 = Release|Any CPU
		{425465C7-CB57-4173-B272-3F7588CB432C}.Release|iPhone.Deploy.0 = Release|Any CPU
		{425465C7-CB57-4173-B272-3F7588CB432C}.Release|iPhoneSimulator.ActiveCfg = Release|Any CPU
		{425465C7-CB57-4173-B272-3F7588CB432C}.Release|iPhoneSimulator.Build.0 = Release|Any CPU
		{425465C7-CB57-4173-B272-3F7588CB432C}.Release|iPhoneSimulator.Deploy.0 = Release|Any CPU
	EndGlobalSection
	GlobalSection(SolutionProperties) = preSolution
		HideSolutionNode = FALSE
	EndGlobalSection
	GlobalSection(ExtensibilityGlobals) = postSolution
		SolutionGuid = {33CE4FD5-69AC-45F0-B72F-17E5A7E997F7}
	EndGlobalSection
EndGlobal
